// !$*UTF8*$!
{
	archiveVersion = 1;
	classes = {
	};
	objectVersion = 46;
	objects = {

/* Begin PBXBuildFile section */
		BA56A75F155586F400F671F8 /* UIKit.framework in Frameworks */ = {isa = PBXBuildFile; fileRef = BA56A75E155586F400F671F8 /* UIKit.framework */; };
		BA56A761155586F400F671F8 /* Foundation.framework in Frameworks */ = {isa = PBXBuildFile; fileRef = BA56A760155586F400F671F8 /* Foundation.framework */; };
		BA56A763155586F400F671F8 /* CoreGraphics.framework in Frameworks */ = {isa = PBXBuildFile; fileRef = BA56A762155586F400F671F8 /* CoreGraphics.framework */; };
		BA56A769155586F400F671F8 /* InfoPlist.strings in Resources */ = {isa = PBXBuildFile; fileRef = BA56A767155586F400F671F8 /* InfoPlist.strings */; };
		BA56A76B155586F400F671F8 /* main.m in Sources */ = {isa = PBXBuildFile; fileRef = BA56A76A155586F400F671F8 /* main.m */; };
		BA56A76F155586F400F671F8 /* KGDAppDelegate.m in Sources */ = {isa = PBXBuildFile; fileRef = BA56A76E155586F400F671F8 /* KGDAppDelegate.m */; };
		BA56A7871555B9A800F671F8 /* IndexViewController.m in Sources */ = {isa = PBXBuildFile; fileRef = BA56A7851555B9A800F671F8 /* IndexViewController.m */; };
		BA56A7881555B9A800F671F8 /* IndexViewController.xib in Resources */ = {isa = PBXBuildFile; fileRef = BA56A7861555B9A800F671F8 /* IndexViewController.xib */; };
		BA56A78B1555CB3600F671F8 /* Vendor.m in Sources */ = {isa = PBXBuildFile; fileRef = BA56A78A1555CB3600F671F8 /* Vendor.m */; };
		BA56A7941555E1B600F671F8 /* WebViewController.m in Sources */ = {isa = PBXBuildFile; fileRef = BA56A7921555E1B600F671F8 /* WebViewController.m */; };
		BA56A7951555E1B600F671F8 /* WebViewController.xib in Resources */ = {isa = PBXBuildFile; fileRef = BA56A7931555E1B600F671F8 /* WebViewController.xib */; };
		BA7C406615688D6B00819ED7 /* LoginViewController.m in Sources */ = {isa = PBXBuildFile; fileRef = BA7C406415688D6B00819ED7 /* LoginViewController.m */; };
		BA7C406715688D6B00819ED7 /* LoginViewController.xib in Resources */ = {isa = PBXBuildFile; fileRef = BA7C406515688D6B00819ED7 /* LoginViewController.xib */; };
		BA7C406B1568A34100819ED7 /* VendorListDelegate.m in Sources */ = {isa = PBXBuildFile; fileRef = BA7C406A1568A34100819ED7 /* VendorListDelegate.m */; };
		BA7C40721569A3DB00819ED7 /* ValidateLoginResultDelegate.m in Sources */ = {isa = PBXBuildFile; fileRef = BA7C40711569A3DB00819ED7 /* ValidateLoginResultDelegate.m */; };
		BA7CFEDC1560DA1B00C8E46D /* VendorListResultDelegate.m in Sources */ = {isa = PBXBuildFile; fileRef = BA7CFEDB1560DA1B00C8E46D /* VendorListResultDelegate.m */; };
		BA872CD7156BD49E00604FF8 /* TextViewController.m in Sources */ = {isa = PBXBuildFile; fileRef = BA872CD5156BD49E00604FF8 /* TextViewController.m */; };
		BA872CD8156BD49E00604FF8 /* TextViewController.xib in Resources */ = {isa = PBXBuildFile; fileRef = BA872CD6156BD49E00604FF8 /* TextViewController.xib */; };
		BA872CDE15713A0500604FF8 /* LoginDelegate.m in Sources */ = {isa = PBXBuildFile; fileRef = BA872CDD15713A0500604FF8 /* LoginDelegate.m */; };
		BA872CFD1574715500604FF8 /* TableCell.m in Sources */ = {isa = PBXBuildFile; fileRef = BA872CFC1574715500604FF8 /* TableCell.m */; };
		BA872D04157AFD9A00604FF8 /* PaymentTableViewController.m in Sources */ = {isa = PBXBuildFile; fileRef = BA872D03157AFD9A00604FF8 /* PaymentTableViewController.m */; };
		BA872D08157B072000604FF8 /* PaymentMethod.m in Sources */ = {isa = PBXBuildFile; fileRef = BA872D07157B072000604FF8 /* PaymentMethod.m */; };
		BA872D0B157B0BED00604FF8 /* Bill.m in Sources */ = {isa = PBXBuildFile; fileRef = BA872D0A157B0BED00604FF8 /* Bill.m */; };
		BA872D0E157B0DE200604FF8 /* Bills.m in Sources */ = {isa = PBXBuildFile; fileRef = BA872D0D157B0DE200604FF8 /* Bills.m */; };
		BA872D10157B15E100604FF8 /* util.m in Sources */ = {isa = PBXBuildFile; fileRef = BA872D0F157B15E100604FF8 /* util.m */; };
		BA872D13157C147300604FF8 /* PaymentMethodCell.m in Sources */ = {isa = PBXBuildFile; fileRef = BA872D12157C147300604FF8 /* PaymentMethodCell.m */; };
		BA9E191315B7C40800FA4058 /* PaymentDateViewController.m in Sources */ = {isa = PBXBuildFile; fileRef = BA9E191115B7C40700FA4058 /* PaymentDateViewController.m */; };
		BA9E191415B7C40800FA4058 /* PaymentDateViewController.xib in Resources */ = {isa = PBXBuildFile; fileRef = BA9E191215B7C40700FA4058 /* PaymentDateViewController.xib */; };
		BA9E191B15B7CD7600FA4058 /* PaymentButtonCell.m in Sources */ = {isa = PBXBuildFile; fileRef = BA9E191A15B7CD7600FA4058 /* PaymentButtonCell.m */; };
		BACD5D26157DBA6700BAA5A5 /* PaymentAmountCell.m in Sources */ = {isa = PBXBuildFile; fileRef = BACD5D25157DBA6700BAA5A5 /* PaymentAmountCell.m */; };
		BACD5D2E15855CE400BAA5A5 /* PaymentDateCell.m in Sources */ = {isa = PBXBuildFile; fileRef = BACD5D2D15855CE400BAA5A5 /* PaymentDateCell.m */; };
		BACD5D32158580B200BAA5A5 /* EditablePaymentAmountCell.m in Sources */ = {isa = PBXBuildFile; fileRef = BACD5D31158580B200BAA5A5 /* EditablePaymentAmountCell.m */; };
/* End PBXBuildFile section */

/* Begin PBXFileReference section */
		BA56A75A155586F400F671F8 /* EasyPay.app */ = {isa = PBXFileReference; explicitFileType = wrapper.application; includeInIndex = 0; path = EasyPay.app; sourceTree = BUILT_PRODUCTS_DIR; };
		BA56A75E155586F400F671F8 /* UIKit.framework */ = {isa = PBXFileReference; lastKnownFileType = wrapper.framework; name = UIKit.framework; path = System/Library/Frameworks/UIKit.framework; sourceTree = SDKROOT; };
		BA56A760155586F400F671F8 /* Foundation.framework */ = {isa = PBXFileReference; lastKnownFileType = wrapper.framework; name = Foundation.framework; path = System/Library/Frameworks/Foundation.framework; sourceTree = SDKROOT; };
		BA56A762155586F400F671F8 /* CoreGraphics.framework */ = {isa = PBXFileReference; lastKnownFileType = wrapper.framework; name = CoreGraphics.framework; path = System/Library/Frameworks/CoreGraphics.framework; sourceTree = SDKROOT; };
		BA56A766155586F400F671F8 /* EasyPay-Info.plist */ = {isa = PBXFileReference; lastKnownFileType = text.plist.xml; path = "EasyPay-Info.plist"; sourceTree = "<group>"; };
		BA56A768155586F400F671F8 /* en */ = {isa = PBXFileReference; lastKnownFileType = text.plist.strings; name = en; path = en.lproj/InfoPlist.strings; sourceTree = "<group>"; };
		BA56A76A155586F400F671F8 /* main.m */ = {isa = PBXFileReference; lastKnownFileType = sourcecode.c.objc; path = main.m; sourceTree = "<group>"; };
		BA56A76C155586F400F671F8 /* EasyPay-Prefix.pch */ = {isa = PBXFileReference; lastKnownFileType = sourcecode.c.h; path = "EasyPay-Prefix.pch"; sourceTree = "<group>"; };
		BA56A76D155586F400F671F8 /* KGDAppDelegate.h */ = {isa = PBXFileReference; lastKnownFileType = sourcecode.c.h; path = KGDAppDelegate.h; sourceTree = "<group>"; };
		BA56A76E155586F400F671F8 /* KGDAppDelegate.m */ = {isa = PBXFileReference; lastKnownFileType = sourcecode.c.objc; path = KGDAppDelegate.m; sourceTree = "<group>"; };
		BA56A7841555B9A800F671F8 /* IndexViewController.h */ = {isa = PBXFileReference; fileEncoding = 4; lastKnownFileType = sourcecode.c.h; path = IndexViewController.h; sourceTree = "<group>"; };
		BA56A7851555B9A800F671F8 /* IndexViewController.m */ = {isa = PBXFileReference; fileEncoding = 4; lastKnownFileType = sourcecode.c.objc; path = IndexViewController.m; sourceTree = "<group>"; };
		BA56A7861555B9A800F671F8 /* IndexViewController.xib */ = {isa = PBXFileReference; fileEncoding = 4; lastKnownFileType = file.xib; path = IndexViewController.xib; sourceTree = "<group>"; };
		BA56A7891555CB3600F671F8 /* Vendor.h */ = {isa = PBXFileReference; fileEncoding = 4; lastKnownFileType = sourcecode.c.h; path = Vendor.h; sourceTree = "<group>"; };
		BA56A78A1555CB3600F671F8 /* Vendor.m */ = {isa = PBXFileReference; fileEncoding = 4; lastKnownFileType = sourcecode.c.objc; path = Vendor.m; sourceTree = "<group>"; };
		BA56A7911555E1B600F671F8 /* WebViewController.h */ = {isa = PBXFileReference; fileEncoding = 4; lastKnownFileType = sourcecode.c.h; path = WebViewController.h; sourceTree = "<group>"; };
		BA56A7921555E1B600F671F8 /* WebViewController.m */ = {isa = PBXFileReference; fileEncoding = 4; lastKnownFileType = sourcecode.c.objc; path = WebViewController.m; sourceTree = "<group>"; };
		BA56A7931555E1B600F671F8 /* WebViewController.xib */ = {isa = PBXFileReference; fileEncoding = 4; lastKnownFileType = file.xib; path = WebViewController.xib; sourceTree = "<group>"; };
		BA7C406315688D6B00819ED7 /* LoginViewController.h */ = {isa = PBXFileReference; fileEncoding = 4; lastKnownFileType = sourcecode.c.h; path = LoginViewController.h; sourceTree = "<group>"; };
		BA7C406415688D6B00819ED7 /* LoginViewController.m */ = {isa = PBXFileReference; fileEncoding = 4; lastKnownFileType = sourcecode.c.objc; path = LoginViewController.m; sourceTree = "<group>"; };
		BA7C406515688D6B00819ED7 /* LoginViewController.xib */ = {isa = PBXFileReference; fileEncoding = 4; lastKnownFileType = file.xib; path = LoginViewController.xib; sourceTree = "<group>"; };
		BA7C40691568A34100819ED7 /* VendorListDelegate.h */ = {isa = PBXFileReference; fileEncoding = 4; lastKnownFileType = sourcecode.c.h; path = VendorListDelegate.h; sourceTree = "<group>"; };
		BA7C406A1568A34100819ED7 /* VendorListDelegate.m */ = {isa = PBXFileReference; fileEncoding = 4; lastKnownFileType = sourcecode.c.objc; path = VendorListDelegate.m; sourceTree = "<group>"; };
		BA7C40701569A3DB00819ED7 /* ValidateLoginResultDelegate.h */ = {isa = PBXFileReference; fileEncoding = 4; lastKnownFileType = sourcecode.c.h; path = ValidateLoginResultDelegate.h; sourceTree = "<group>"; };
		BA7C40711569A3DB00819ED7 /* ValidateLoginResultDelegate.m */ = {isa = PBXFileReference; fileEncoding = 4; lastKnownFileType = sourcecode.c.objc; path = ValidateLoginResultDelegate.m; sourceTree = "<group>"; };
		BA7CFEDA1560DA1B00C8E46D /* VendorListResultDelegate.h */ = {isa = PBXFileReference; fileEncoding = 4; lastKnownFileType = sourcecode.c.h; path = VendorListResultDelegate.h; sourceTree = "<group>"; };
		BA7CFEDB1560DA1B00C8E46D /* VendorListResultDelegate.m */ = {isa = PBXFileReference; fileEncoding = 4; lastKnownFileType = sourcecode.c.objc; path = VendorListResultDelegate.m; sourceTree = "<group>"; };
		BA872CD4156BD49E00604FF8 /* TextViewController.h */ = {isa = PBXFileReference; fileEncoding = 4; lastKnownFileType = sourcecode.c.h; path = TextViewController.h; sourceTree = "<group>"; };
		BA872CD5156BD49E00604FF8 /* TextViewController.m */ = {isa = PBXFileReference; fileEncoding = 4; lastKnownFileType = sourcecode.c.objc; path = TextViewController.m; sourceTree = "<group>"; };
		BA872CD6156BD49E00604FF8 /* TextViewController.xib */ = {isa = PBXFileReference; fileEncoding = 4; lastKnownFileType = file.xib; path = TextViewController.xib; sourceTree = "<group>"; };
		BA872CDC15713A0500604FF8 /* LoginDelegate.h */ = {isa = PBXFileReference; fileEncoding = 4; lastKnownFileType = sourcecode.c.h; path = LoginDelegate.h; sourceTree = "<group>"; };
		BA872CDD15713A0500604FF8 /* LoginDelegate.m */ = {isa = PBXFileReference; fileEncoding = 4; lastKnownFileType = sourcecode.c.objc; path = LoginDelegate.m; sourceTree = "<group>"; };
		BA872CFB1574715500604FF8 /* TableCell.h */ = {isa = PBXFileReference; fileEncoding = 4; lastKnownFileType = sourcecode.c.h; path = TableCell.h; sourceTree = "<group>"; };
		BA872CFC1574715500604FF8 /* TableCell.m */ = {isa = PBXFileReference; fileEncoding = 4; lastKnownFileType = sourcecode.c.objc; path = TableCell.m; sourceTree = "<group>"; };
		BA872D02157AFD9A00604FF8 /* PaymentTableViewController.h */ = {isa = PBXFileReference; fileEncoding = 4; lastKnownFileType = sourcecode.c.h; path = PaymentTableViewController.h; sourceTree = "<group>"; };
		BA872D03157AFD9A00604FF8 /* PaymentTableViewController.m */ = {isa = PBXFileReference; fileEncoding = 4; lastKnownFileType = sourcecode.c.objc; path = PaymentTableViewController.m; sourceTree = "<group>"; };
		BA872D06157B072000604FF8 /* PaymentMethod.h */ = {isa = PBXFileReference; fileEncoding = 4; lastKnownFileType = sourcecode.c.h; path = PaymentMethod.h; sourceTree = "<group>"; };
		BA872D07157B072000604FF8 /* PaymentMethod.m */ = {isa = PBXFileReference; fileEncoding = 4; lastKnownFileType = sourcecode.c.objc; path = PaymentMethod.m; sourceTree = "<group>"; };
		BA872D09157B0BED00604FF8 /* Bill.h */ = {isa = PBXFileReference; fileEncoding = 4; lastKnownFileType = sourcecode.c.h; path = Bill.h; sourceTree = "<group>"; };
		BA872D0A157B0BED00604FF8 /* Bill.m */ = {isa = PBXFileReference; fileEncoding = 4; lastKnownFileType = sourcecode.c.objc; path = Bill.m; sourceTree = "<group>"; };
		BA872D0C157B0DE200604FF8 /* Bills.h */ = {isa = PBXFileReference; fileEncoding = 4; lastKnownFileType = sourcecode.c.h; path = Bills.h; sourceTree = "<group>"; };
		BA872D0D157B0DE200604FF8 /* Bills.m */ = {isa = PBXFileReference; fileEncoding = 4; lastKnownFileType = sourcecode.c.objc; path = Bills.m; sourceTree = "<group>"; };
		BA872D0F157B15E100604FF8 /* util.m */ = {isa = PBXFileReference; fileEncoding = 4; lastKnownFileType = sourcecode.c.objc; path = util.m; sourceTree = "<group>"; };
		BA872D11157C147300604FF8 /* PaymentMethodCell.h */ = {isa = PBXFileReference; fileEncoding = 4; lastKnownFileType = sourcecode.c.h; path = PaymentMethodCell.h; sourceTree = "<group>"; };
		BA872D12157C147300604FF8 /* PaymentMethodCell.m */ = {isa = PBXFileReference; fileEncoding = 4; lastKnownFileType = sourcecode.c.objc; path = PaymentMethodCell.m; sourceTree = "<group>"; };
		BA9E191015B7C40700FA4058 /* PaymentDateViewController.h */ = {isa = PBXFileReference; fileEncoding = 4; lastKnownFileType = sourcecode.c.h; path = PaymentDateViewController.h; sourceTree = "<group>"; };
		BA9E191115B7C40700FA4058 /* PaymentDateViewController.m */ = {isa = PBXFileReference; fileEncoding = 4; lastKnownFileType = sourcecode.c.objc; path = PaymentDateViewController.m; sourceTree = "<group>"; };
		BA9E191215B7C40700FA4058 /* PaymentDateViewController.xib */ = {isa = PBXFileReference; fileEncoding = 4; lastKnownFileType = file.xib; path = PaymentDateViewController.xib; sourceTree = "<group>"; };
		BA9E191915B7CD7600FA4058 /* PaymentButtonCell.h */ = {isa = PBXFileReference; fileEncoding = 4; lastKnownFileType = sourcecode.c.h; path = PaymentButtonCell.h; sourceTree = "<group>"; };
		BA9E191A15B7CD7600FA4058 /* PaymentButtonCell.m */ = {isa = PBXFileReference; fileEncoding = 4; lastKnownFileType = sourcecode.c.objc; path = PaymentButtonCell.m; sourceTree = "<group>"; };
		BACD5D24157DBA6700BAA5A5 /* PaymentAmountCell.h */ = {isa = PBXFileReference; fileEncoding = 4; lastKnownFileType = sourcecode.c.h; path = PaymentAmountCell.h; sourceTree = "<group>"; };
		BACD5D25157DBA6700BAA5A5 /* PaymentAmountCell.m */ = {isa = PBXFileReference; fileEncoding = 4; lastKnownFileType = sourcecode.c.objc; path = PaymentAmountCell.m; sourceTree = "<group>"; };
		BACD5D2C15855CE300BAA5A5 /* PaymentDateCell.h */ = {isa = PBXFileReference; fileEncoding = 4; lastKnownFileType = sourcecode.c.h; path = PaymentDateCell.h; sourceTree = "<group>"; };
		BACD5D2D15855CE400BAA5A5 /* PaymentDateCell.m */ = {isa = PBXFileReference; fileEncoding = 4; lastKnownFileType = sourcecode.c.objc; path = PaymentDateCell.m; sourceTree = "<group>"; };
		BACD5D30158580B200BAA5A5 /* EditablePaymentAmountCell.h */ = {isa = PBXFileReference; fileEncoding = 4; lastKnownFileType = sourcecode.c.h; path = EditablePaymentAmountCell.h; sourceTree = "<group>"; };
		BACD5D31158580B200BAA5A5 /* EditablePaymentAmountCell.m */ = {isa = PBXFileReference; fileEncoding = 4; lastKnownFileType = sourcecode.c.objc; path = EditablePaymentAmountCell.m; sourceTree = "<group>"; };
/* End PBXFileReference section */

/* Begin PBXFrameworksBuildPhase section */
		BA56A757155586F400F671F8 /* Frameworks */ = {
			isa = PBXFrameworksBuildPhase;
			buildActionMask = 2147483647;
			files = (
				BA56A75F155586F400F671F8 /* UIKit.framework in Frameworks */,
				BA56A761155586F400F671F8 /* Foundation.framework in Frameworks */,
				BA56A763155586F400F671F8 /* CoreGraphics.framework in Frameworks */,
			);
			runOnlyForDeploymentPostprocessing = 0;
		};
/* End PBXFrameworksBuildPhase section */

/* Begin PBXGroup section */
		BA56A74F155586F300F671F8 = {
			isa = PBXGroup;
			children = (
				BA56A764155586F400F671F8 /* EasyPay */,
				BA56A75D155586F400F671F8 /* Frameworks */,
				BA56A75B155586F400F671F8 /* Products */,
			);
			sourceTree = "<group>";
		};
		BA56A75B155586F400F671F8 /* Products */ = {
			isa = PBXGroup;
			children = (
				BA56A75A155586F400F671F8 /* EasyPay.app */,
			);
			name = Products;
			sourceTree = "<group>";
		};
		BA56A75D155586F400F671F8 /* Frameworks */ = {
			isa = PBXGroup;
			children = (
				BA56A75E155586F400F671F8 /* UIKit.framework */,
				BA56A760155586F400F671F8 /* Foundation.framework */,
				BA56A762155586F400F671F8 /* CoreGraphics.framework */,
			);
			name = Frameworks;
			sourceTree = "<group>";
		};
		BA56A764155586F400F671F8 /* EasyPay */ = {
			isa = PBXGroup;
			children = (
				BA56A76D155586F400F671F8 /* KGDAppDelegate.h */,
				BA56A76E155586F400F671F8 /* KGDAppDelegate.m */,
				BA56A765155586F400F671F8 /* Supporting Files */,
				BA56A7841555B9A800F671F8 /* IndexViewController.h */,
				BA56A7851555B9A800F671F8 /* IndexViewController.m */,
				BA56A7861555B9A800F671F8 /* IndexViewController.xib */,
				BA56A7891555CB3600F671F8 /* Vendor.h */,
				BA56A78A1555CB3600F671F8 /* Vendor.m */,
				BA56A7911555E1B600F671F8 /* WebViewController.h */,
				BA56A7921555E1B600F671F8 /* WebViewController.m */,
				BA56A7931555E1B600F671F8 /* WebViewController.xib */,
				BA7CFEDA1560DA1B00C8E46D /* VendorListResultDelegate.h */,
				BA7CFEDB1560DA1B00C8E46D /* VendorListResultDelegate.m */,
				BA7C406315688D6B00819ED7 /* LoginViewController.h */,
				BA7C406415688D6B00819ED7 /* LoginViewController.m */,
				BA7C406515688D6B00819ED7 /* LoginViewController.xib */,
				BA7C40691568A34100819ED7 /* VendorListDelegate.h */,
				BA7C406A1568A34100819ED7 /* VendorListDelegate.m */,
				BA7C40701569A3DB00819ED7 /* ValidateLoginResultDelegate.h */,
				BA7C40711569A3DB00819ED7 /* ValidateLoginResultDelegate.m */,
				BA872CD4156BD49E00604FF8 /* TextViewController.h */,
				BA872CD5156BD49E00604FF8 /* TextViewController.m */,
				BA872CD6156BD49E00604FF8 /* TextViewController.xib */,
				BA872CDC15713A0500604FF8 /* LoginDelegate.h */,
				BA872CDD15713A0500604FF8 /* LoginDelegate.m */,
				BA872CFB1574715500604FF8 /* TableCell.h */,
				BA872CFC1574715500604FF8 /* TableCell.m */,
				BA872D02157AFD9A00604FF8 /* PaymentTableViewController.h */,
				BA872D03157AFD9A00604FF8 /* PaymentTableViewController.m */,
				BA872D06157B072000604FF8 /* PaymentMethod.h */,
				BA872D07157B072000604FF8 /* PaymentMethod.m */,
				BA872D09157B0BED00604FF8 /* Bill.h */,
				BA872D0A157B0BED00604FF8 /* Bill.m */,
				BA872D0C157B0DE200604FF8 /* Bills.h */,
				BA872D0D157B0DE200604FF8 /* Bills.m */,
				BA872D0F157B15E100604FF8 /* util.m */,
				BA872D11157C147300604FF8 /* PaymentMethodCell.h */,
				BA872D12157C147300604FF8 /* PaymentMethodCell.m */,
				BACD5D24157DBA6700BAA5A5 /* PaymentAmountCell.h */,
				BACD5D25157DBA6700BAA5A5 /* PaymentAmountCell.m */,
				BACD5D2C15855CE300BAA5A5 /* PaymentDateCell.h */,
				BACD5D2D15855CE400BAA5A5 /* PaymentDateCell.m */,
				BACD5D30158580B200BAA5A5 /* EditablePaymentAmountCell.h */,
				BACD5D31158580B200BAA5A5 /* EditablePaymentAmountCell.m */,
				BA9E191015B7C40700FA4058 /* PaymentDateViewController.h */,
				BA9E191115B7C40700FA4058 /* PaymentDateViewController.m */,
				BA9E191215B7C40700FA4058 /* PaymentDateViewController.xib */,
				BA9E191915B7CD7600FA4058 /* PaymentButtonCell.h */,
				BA9E191A15B7CD7600FA4058 /* PaymentButtonCell.m */,
			);
			path = EasyPay;
			sourceTree = "<group>";
		};
		BA56A765155586F400F671F8 /* Supporting Files */ = {
			isa = PBXGroup;
			children = (
				BA56A766155586F400F671F8 /* EasyPay-Info.plist */,
				BA56A767155586F400F671F8 /* InfoPlist.strings */,
				BA56A76A155586F400F671F8 /* main.m */,
				BA56A76C155586F400F671F8 /* EasyPay-Prefix.pch */,
			);
			name = "Supporting Files";
			sourceTree = "<group>";
		};
/* End PBXGroup section */

/* Begin PBXNativeTarget section */
		BA56A759155586F400F671F8 /* EasyPay */ = {
			isa = PBXNativeTarget;
			buildConfigurationList = BA56A772155586F400F671F8 /* Build configuration list for PBXNativeTarget "EasyPay" */;
			buildPhases = (
				BA56A756155586F400F671F8 /* Sources */,
				BA56A757155586F400F671F8 /* Frameworks */,
				BA56A758155586F400F671F8 /* Resources */,
			);
			buildRules = (
			);
			dependencies = (
			);
			name = EasyPay;
			productName = EasyPay;
			productReference = BA56A75A155586F400F671F8 /* EasyPay.app */;
			productType = "com.apple.product-type.application";
		};
/* End PBXNativeTarget section */

/* Begin PBXProject section */
		BA56A751155586F300F671F8 /* Project object */ = {
			isa = PBXProject;
			attributes = {
				CLASSPREFIX = KGD;
				LastUpgradeCheck = 0430;
			};
			buildConfigurationList = BA56A754155586F300F671F8 /* Build configuration list for PBXProject "EasyPay" */;
			compatibilityVersion = "Xcode 3.2";
			developmentRegion = English;
			hasScannedForEncodings = 0;
			knownRegions = (
				en,
			);
			mainGroup = BA56A74F155586F300F671F8;
			productRefGroup = BA56A75B155586F400F671F8 /* Products */;
			projectDirPath = "";
			projectRoot = "";
			targets = (
				BA56A759155586F400F671F8 /* EasyPay */,
			);
		};
/* End PBXProject section */

/* Begin PBXResourcesBuildPhase section */
		BA56A758155586F400F671F8 /* Resources */ = {
			isa = PBXResourcesBuildPhase;
			buildActionMask = 2147483647;
			files = (
				BA56A769155586F400F671F8 /* InfoPlist.strings in Resources */,
				BA56A7881555B9A800F671F8 /* IndexViewController.xib in Resources */,
				BA56A7951555E1B600F671F8 /* WebViewController.xib in Resources */,
				BA7C406715688D6B00819ED7 /* LoginViewController.xib in Resources */,
				BA872CD8156BD49E00604FF8 /* TextViewController.xib in Resources */,
				BA9E191415B7C40800FA4058 /* PaymentDateViewController.xib in Resources */,
			);
			runOnlyForDeploymentPostprocessing = 0;
		};
/* End PBXResourcesBuildPhase section */

/* Begin PBXSourcesBuildPhase section */
		BA56A756155586F400F671F8 /* Sources */ = {
			isa = PBXSourcesBuildPhase;
			buildActionMask = 2147483647;
			files = (
				BA56A76B155586F400F671F8 /* main.m in Sources */,
				BA56A76F155586F400F671F8 /* KGDAppDelegate.m in Sources */,
				BA56A7871555B9A800F671F8 /* IndexViewController.m in Sources */,
				BA56A78B1555CB3600F671F8 /* Vendor.m in Sources */,
				BA56A7941555E1B600F671F8 /* WebViewController.m in Sources */,
				BA7CFEDC1560DA1B00C8E46D /* VendorListResultDelegate.m in Sources */,
				BA7C406615688D6B00819ED7 /* LoginViewController.m in Sources */,
				BA7C406B1568A34100819ED7 /* VendorListDelegate.m in Sources */,
				BA7C40721569A3DB00819ED7 /* ValidateLoginResultDelegate.m in Sources */,
				BA872CD7156BD49E00604FF8 /* TextViewController.m in Sources */,
				BA872CDE15713A0500604FF8 /* LoginDelegate.m in Sources */,
				BA872CFD1574715500604FF8 /* TableCell.m in Sources */,
				BA872D04157AFD9A00604FF8 /* PaymentTableViewController.m in Sources */,
				BA872D08157B072000604FF8 /* PaymentMethod.m in Sources */,
				BA872D0B157B0BED00604FF8 /* Bill.m in Sources */,
				BA872D0E157B0DE200604FF8 /* Bills.m in Sources */,
				BA872D10157B15E100604FF8 /* util.m in Sources */,
				BA872D13157C147300604FF8 /* PaymentMethodCell.m in Sources */,
				BACD5D26157DBA6700BAA5A5 /* PaymentAmountCell.m in Sources */,
				BACD5D2E15855CE400BAA5A5 /* PaymentDateCell.m in Sources */,
				BACD5D32158580B200BAA5A5 /* EditablePaymentAmountCell.m in Sources */,
				BA9E191315B7C40800FA4058 /* PaymentDateViewController.m in Sources */,
				BA9E191B15B7CD7600FA4058 /* PaymentButtonCell.m in Sources */,
			);
			runOnlyForDeploymentPostprocessing = 0;
		};
/* End PBXSourcesBuildPhase section */

/* Begin PBXVariantGroup section */
		BA56A767155586F400F671F8 /* InfoPlist.strings */ = {
			isa = PBXVariantGroup;
			children = (
				BA56A768155586F400F671F8 /* en */,
			);
			name = InfoPlist.strings;
			sourceTree = "<group>";
		};
/* End PBXVariantGroup section */

/* Begin XCBuildConfiguration section */
		BA56A770155586F400F671F8 /* Debug */ = {
			isa = XCBuildConfiguration;
			buildSettings = {
				ALWAYS_SEARCH_USER_PATHS = NO;
				ARCHS = "$(ARCHS_STANDARD_32_BIT)";
				CLANG_ENABLE_OBJC_ARC = YES;
				"CODE_SIGN_IDENTITY[sdk=iphoneos*]" = "iPhone Developer";
				COPY_PHASE_STRIP = NO;
				GCC_C_LANGUAGE_STANDARD = gnu99;
				GCC_DYNAMIC_NO_PIC = NO;
				GCC_OPTIMIZATION_LEVEL = 0;
				GCC_PREPROCESSOR_DEFINITIONS = (
					"DEBUG=1",
					"$(inherited)",
				);
				GCC_SYMBOLS_PRIVATE_EXTERN = NO;
				GCC_VERSION = com.apple.compilers.llvm.clang.1_0;
				GCC_WARN_ABOUT_RETURN_TYPE = YES;
				GCC_WARN_UNINITIALIZED_AUTOS = YES;
				GCC_WARN_UNUSED_VARIABLE = YES;
				IPHONEOS_DEPLOYMENT_TARGET = 5.1;
				SDKROOT = iphoneos;
				TARGETED_DEVICE_FAMILY = "1,2";
			};
			name = Debug;
		};
		BA56A771155586F400F671F8 /* Release */ = {
			isa = XCBuildConfiguration;
			buildSettings = {
				ALWAYS_SEARCH_USER_PATHS = NO;
				ARCHS = "$(ARCHS_STANDARD_32_BIT)";
				CLANG_ENABLE_OBJC_ARC = YES;
				"CODE_SIGN_IDENTITY[sdk=iphoneos*]" = "iPhone Developer";
				COPY_PHASE_STRIP = YES;
				GCC_C_LANGUAGE_STANDARD = gnu99;
				GCC_VERSION = com.apple.compilers.llvm.clang.1_0;
				GCC_WARN_ABOUT_RETURN_TYPE = YES;
				GCC_WARN_UNINITIALIZED_AUTOS = YES;
				GCC_WARN_UNUSED_VARIABLE = YES;
				IPHONEOS_DEPLOYMENT_TARGET = 5.1;
				OTHER_CFLAGS = "-DNS_BLOCK_ASSERTIONS=1";
				SDKROOT = iphoneos;
				TARGETED_DEVICE_FAMILY = "1,2";
				VALIDATE_PRODUCT = YES;
			};
			name = Release;
		};
		BA56A773155586F400F671F8 /* Debug */ = {
			isa = XCBuildConfiguration;
			buildSettings = {
				GCC_PRECOMPILE_PREFIX_HEADER = YES;
				GCC_PREFIX_HEADER = "EasyPay/EasyPay-Prefix.pch";
				INFOPLIST_FILE = "EasyPay/EasyPay-Info.plist";
				PRODUCT_NAME = "$(TARGET_NAME)";
				WRAPPER_EXTENSION = app;
			};
			name = Debug;
		};
		BA56A774155586F400F671F8 /* Release */ = {
			isa = XCBuildConfiguration;
			buildSettings = {
				GCC_PRECOMPILE_PREFIX_HEADER = YES;
				GCC_PREFIX_HEADER = "EasyPay/EasyPay-Prefix.pch";
				INFOPLIST_FILE = "EasyPay/EasyPay-Info.plist";
				PRODUCT_NAME = "$(TARGET_NAME)";
				WRAPPER_EXTENSION = app;
			};
			name = Release;
		};
/* End XCBuildConfiguration section */

/* Begin XCConfigurationList section */
		BA56A754155586F300F671F8 /* Build configuration list for PBXProject "EasyPay" */ = {
			isa = XCConfigurationList;
			buildConfigurations = (
				BA56A770155586F400F671F8 /* Debug */,
				BA56A771155586F400F671F8 /* Release */,
			);
			defaultConfigurationIsVisible = 0;
			defaultConfigurationName = Release;
		};
		BA56A772155586F400F671F8 /* Build configuration list for PBXNativeTarget "EasyPay" */ = {
			isa = XCConfigurationList;
			buildConfigurations = (
				BA56A773155586F400F671F8 /* Debug */,
				BA56A774155586F400F671F8 /* Release */,
			);
			defaultConfigurationIsVisible = 0;
			defaultConfigurationName = Release;
		};
/* End XCConfigurationList section */
	};
	rootObject = BA56A751155586F300F671F8 /* Project object */;
}
